
Microsoft Visual Studio Solution File, Format Version 12.00
# Visual Studio 15
VisualStudioVersion = 15.0.28307.1259
MinimumVisualStudioVersion = 10.0.40219.1
Project("{FAE04EC0-301F-11D3-BF4B-00C04F79EFBC}") = "TuningTrouble", "TuningTrouble\TuningTrouble.csproj", "{7D24A5E2-1FE1-497D-A8E3-C337802F4F28}"
EndProject
Global
	GlobalSection(SolutionConfigurationPlatforms) = preSolution
		Debug|Any CPU = Debug|Any CPU
		Release|Any CPU = Release|Any CPU
	EndGlobalSection
	GlobalSection(ProjectConfigurationPlatforms) = postSolution
		{7D24A5E2-1FE1-497D-A8E3-C337802F4F28}.Debug|Any CPU.ActiveCfg = Debug|Any CPU
		{7D24A5E2-1FE1-497D-A8E3-C337802F4F28}.Debug|Any CPU.Build.0 = Debug|Any CPU
		{7D24A5E2-1FE1-497D-A8E3-C337802F4F28}.Release|Any CPU.ActiveCfg = Release|Any CPU
		{7D24A5E2-1FE1-497D-A8E3-C337802F4F28}.Release|Any CPU.Build.0 = Release|Any CPU
	EndGlobalSection
	GlobalSection(SolutionProperties) = preSolution
		HideSolutionNode = FALSE
	EndGlobalSection
	GlobalSection(ExtensibilityGlobals) = postSolution
		SolutionGuid = {FED9A5AF-7FB6-4846-BE2B-91A4F1F2E5C5}
	EndGlobalSection
EndGlobal
